
Microsoft Visual Studio Solution File, Format Version 12.00
# Visual Studio Version 17
VisualStudioVersion = 17.0.32112.339
MinimumVisualStudioVersion = 10.0.40219.1
Project("{FAE04EC0-301F-11D3-BF4B-00C04F79EFBC}") = "Project - Tarot Card Game", "Project - Tarot Card Game.csproj", "{8B0A5909-42C8-41D7-9FFF-55287A96E38B}"
EndProject
Global
	GlobalSection(SolutionConfigurationPlatforms) = preSolution
		Debug|Any CPU = Debug|Any CPU
		Release|Any CPU = Release|Any CPU
	EndGlobalSection
	GlobalSection(ProjectConfigurationPlatforms) = postSolution
		{8B0A5909-42C8-41D7-9FFF-55287A96E38B}.Debug|Any CPU.ActiveCfg = Debug|Any CPU
		{8B0A5909-42C8-41D7-9FFF-55287A96E38B}.Debug|Any CPU.Build.0 = Debug|Any CPU
		{8B0A5909-42C8-41D7-9FFF-55287A96E38B}.Release|Any CPU.ActiveCfg = Release|Any CPU
		{8B0A5909-42C8-41D7-9FFF-55287A96E38B}.Release|Any CPU.Build.0 = Release|Any CPU
	EndGlobalSection
	GlobalSection(SolutionProperties) = preSolution
		HideSolutionNode = FALSE
	EndGlobalSection
	GlobalSection(ExtensibilityGlobals) = postSolution
		SolutionGuid = {BF1DE226-FFF8-40DB-8F17-24BBFDC80A0C}
	EndGlobalSection
EndGlobal
